
Microsoft Visual Studio Solution File, Format Version 12.00
# Visual Studio Version 17
VisualStudioVersion = 17.5.002.0
MinimumVisualStudioVersion = 10.0.40219.1
Project("{9A19103F-16F7-4668-BE54-9A1E7A4F7556}") = "itu_new_minitwit", "itu_new_minitwit.csproj", "{2AEFF300-490E-41BC-AF03-C832D065235B}"
EndProject
Global
	GlobalSection(SolutionConfigurationPlatforms) = preSolution
		Debug|Any CPU = Debug|Any CPU
		Release|Any CPU = Release|Any CPU
	EndGlobalSection
	GlobalSection(ProjectConfigurationPlatforms) = postSolution
		{2AEFF300-490E-41BC-AF03-C832D065235B}.Debug|Any CPU.ActiveCfg = Debug|Any CPU
		{2AEFF300-490E-41BC-AF03-C832D065235B}.Debug|Any CPU.Build.0 = Debug|Any CPU
		{2AEFF300-490E-41BC-AF03-C832D065235B}.Release|Any CPU.ActiveCfg = Release|Any CPU
		{2AEFF300-490E-41BC-AF03-C832D065235B}.Release|Any CPU.Build.0 = Release|Any CPU
	EndGlobalSection
	GlobalSection(SolutionProperties) = preSolution
		HideSolutionNode = FALSE
	EndGlobalSection
	GlobalSection(ExtensibilityGlobals) = postSolution
		SolutionGuid = {A75DBFAE-82D9-4B53-960D-78762BC4A727}
	EndGlobalSection
EndGlobal
